// !$*UTF8*$!
{
	archiveVersion = 1;
	classes = {
	};
	objectVersion = 50;
	objects = {

/* Begin PBXBuildFile section */
		1948465121AEE3CC006515BE /* NetworkManager.swift in Sources */ = {isa = PBXBuildFile; fileRef = 1948465021AEE3CC006515BE /* NetworkManager.swift */; };
		1948465321AEE401006515BE /* MoyaConfig.swift in Sources */ = {isa = PBXBuildFile; fileRef = 1948465221AEE401006515BE /* MoyaConfig.swift */; };
		19D9E12221AE4E4E006592DA /* Network.swift in Sources */ = {isa = PBXBuildFile; fileRef = 19D9E12121AE4E4E006592DA /* Network.swift */; };
		19D9E12421AE64C9006592DA /* MyService.swift in Sources */ = {isa = PBXBuildFile; fileRef = 19D9E12321AE64C9006592DA /* MyService.swift */; };
		19D9E12721AE70A7006592DA /* AssetLoader.swift in Sources */ = {isa = PBXBuildFile; fileRef = 19D9E12621AE70A7006592DA /* AssetLoader.swift */; };
		19D9E12D21AE865F006592DA /* API.swift in Sources */ = {isa = PBXBuildFile; fileRef = 19D9E12C21AE865F006592DA /* API.swift */; };
		19D9E12F21AFA18D006592DA /* GlobalAppStorage.swift in Sources */ = {isa = PBXBuildFile; fileRef = 19D9E12E21AFA18D006592DA /* GlobalAppStorage.swift */; };
		19D9E13121AFB28E006592DA /* GlobalTool.swift in Sources */ = {isa = PBXBuildFile; fileRef = 19D9E13021AFB28E006592DA /* GlobalTool.swift */; };
		19D9E13421AFC08F006592DA /* UIColorExtension.swift in Sources */ = {isa = PBXBuildFile; fileRef = 19D9E13321AFC08F006592DA /* UIColorExtension.swift */; };
		19D9E13921AFCA99006592DA /* RootViewController.swift in Sources */ = {isa = PBXBuildFile; fileRef = 19D9E13821AFCA99006592DA /* RootViewController.swift */; };
		19D9E13B21AFCB75006592DA /* UIAlertExtension.swift in Sources */ = {isa = PBXBuildFile; fileRef = 19D9E13A21AFCB75006592DA /* UIAlertExtension.swift */; };
		19D9E13D21AFE7EF006592DA /* SwiftNotice.swift in Sources */ = {isa = PBXBuildFile; fileRef = 19D9E13C21AFE7EF006592DA /* SwiftNotice.swift */; };
		19D9E14121B0CE0A006592DA /* RequestActivityPlugin.swift in Sources */ = {isa = PBXBuildFile; fileRef = 19D9E14021B0CE0A006592DA /* RequestActivityPlugin.swift */; };
		19E5E3DB21ABDB0900E4C3A6 /* AppDelegate.swift in Sources */ = {isa = PBXBuildFile; fileRef = 19E5E3DA21ABDB0900E4C3A6 /* AppDelegate.swift */; };
		19E5E3DD21ABDB0900E4C3A6 /* ViewController.swift in Sources */ = {isa = PBXBuildFile; fileRef = 19E5E3DC21ABDB0900E4C3A6 /* ViewController.swift */; };
		19E5E3E021ABDB0900E4C3A6 /* Main.storyboard in Resources */ = {isa = PBXBuildFile; fileRef = 19E5E3DE21ABDB0900E4C3A6 /* Main.storyboard */; };
		19E5E3E521ABDB0B00E4C3A6 /* Assets.xcassets in Resources */ = {isa = PBXBuildFile; fileRef = 19E5E3E421ABDB0B00E4C3A6 /* Assets.xcassets */; };
		19E5E3E821ABDB0B00E4C3A6 /* LaunchScreen.storyboard in Resources */ = {isa = PBXBuildFile; fileRef = 19E5E3E621ABDB0B00E4C3A6 /* LaunchScreen.storyboard */; };
		19E5E40C21ABE26200E4C3A6 /* Utility.swift in Sources */ = {isa = PBXBuildFile; fileRef = 19E5E40B21ABE26200E4C3A6 /* Utility.swift */; };
		19E5E41121AD20AC00E4C3A6 /* DoubanAPI.swift in Sources */ = {isa = PBXBuildFile; fileRef = 19E5E41021AD20AC00E4C3A6 /* DoubanAPI.swift */; };
		19E5E41521AD221300E4C3A6 /* DoubanViewController.swift in Sources */ = {isa = PBXBuildFile; fileRef = 19E5E41421AD221300E4C3A6 /* DoubanViewController.swift */; };
		19E5E43521AD22B800E4C3A6 /* RxBlocking.framework in Frameworks */ = {isa = PBXBuildFile; fileRef = 19E5E41921AD22B600E4C3A6 /* RxBlocking.framework */; };
		19E5E43621AD22B800E4C3A6 /* ReactiveSwift.framework in Frameworks */ = {isa = PBXBuildFile; fileRef = 19E5E41A21AD22B700E4C3A6 /* ReactiveSwift.framework */; };
		19E5E43721AD22B800E4C3A6 /* SwiftyJSON.framework in Frameworks */ = {isa = PBXBuildFile; fileRef = 19E5E41B21AD22B700E4C3A6 /* SwiftyJSON.framework */; };
		19E5E43821AD22B800E4C3A6 /* RxCocoa.framework in Frameworks */ = {isa = PBXBuildFile; fileRef = 19E5E41C21AD22B700E4C3A6 /* RxCocoa.framework */; };
		19E5E43921AD22B800E4C3A6 /* MonkeyKing.framework in Frameworks */ = {isa = PBXBuildFile; fileRef = 19E5E41D21AD22B700E4C3A6 /* MonkeyKing.framework */; };
		19E5E43B21AD22B800E4C3A6 /* Alamofire.framework in Frameworks */ = {isa = PBXBuildFile; fileRef = 19E5E41F21AD22B700E4C3A6 /* Alamofire.framework */; };
		19E5E43C21AD22B800E4C3A6 /* Instructions.framework in Frameworks */ = {isa = PBXBuildFile; fileRef = 19E5E42021AD22B700E4C3A6 /* Instructions.framework */; };
		19E5E43D21AD22B800E4C3A6 /* Kingfisher.framework in Frameworks */ = {isa = PBXBuildFile; fileRef = 19E5E42121AD22B700E4C3A6 /* Kingfisher.framework */; };
		19E5E43E21AD22B800E4C3A6 /* ReactiveMoya.framework in Frameworks */ = {isa = PBXBuildFile; fileRef = 19E5E42221AD22B700E4C3A6 /* ReactiveMoya.framework */; };
		19E5E43F21AD22B800E4C3A6 /* ESPullToRefresh.framework in Frameworks */ = {isa = PBXBuildFile; fileRef = 19E5E42321AD22B700E4C3A6 /* ESPullToRefresh.framework */; };
		19E5E44021AD22B800E4C3A6 /* RxSwift.framework in Frameworks */ = {isa = PBXBuildFile; fileRef = 19E5E42421AD22B700E4C3A6 /* RxSwift.framework */; };
		19E5E44121AD22B800E4C3A6 /* SCLAlertView.framework in Frameworks */ = {isa = PBXBuildFile; fileRef = 19E5E42521AD22B700E4C3A6 /* SCLAlertView.framework */; };
		19E5E44221AD22B800E4C3A6 /* NVActivityIndicatorView.framework in Frameworks */ = {isa = PBXBuildFile; fileRef = 19E5E42621AD22B700E4C3A6 /* NVActivityIndicatorView.framework */; };
		19E5E44321AD22B800E4C3A6 /* PKHUD.framework in Frameworks */ = {isa = PBXBuildFile; fileRef = 19E5E42721AD22B700E4C3A6 /* PKHUD.framework */; };
		19E5E44421AD22B800E4C3A6 /* InstructionsAppExtensions.framework in Frameworks */ = {isa = PBXBuildFile; fileRef = 19E5E42821AD22B800E4C3A6 /* InstructionsAppExtensions.framework */; };
		19E5E44521AD22B800E4C3A6 /* Reachability.framework in Frameworks */ = {isa = PBXBuildFile; fileRef = 19E5E42921AD22B800E4C3A6 /* Reachability.framework */; };
		19E5E44621AD22B800E4C3A6 /* SwiftyUserDefaults.framework in Frameworks */ = {isa = PBXBuildFile; fileRef = 19E5E42A21AD22B800E4C3A6 /* SwiftyUserDefaults.framework */; };
		19E5E44721AD22B900E4C3A6 /* DeviceKit.framework in Frameworks */ = {isa = PBXBuildFile; fileRef = 19E5E42B21AD22B800E4C3A6 /* DeviceKit.framework */; };
		19E5E44821AD22B900E4C3A6 /* SnapKit.framework in Frameworks */ = {isa = PBXBuildFile; fileRef = 19E5E42C21AD22B800E4C3A6 /* SnapKit.framework */; };
		19E5E44921AD22B900E4C3A6 /* RazzleDazzle.framework in Frameworks */ = {isa = PBXBuildFile; fileRef = 19E5E42D21AD22B800E4C3A6 /* RazzleDazzle.framework */; };
		19E5E44A21AD22B900E4C3A6 /* RxMoya.framework in Frameworks */ = {isa = PBXBuildFile; fileRef = 19E5E42E21AD22B800E4C3A6 /* RxMoya.framework */; };
		19E5E44C21AD22B900E4C3A6 /* Result.framework in Frameworks */ = {isa = PBXBuildFile; fileRef = 19E5E43021AD22B800E4C3A6 /* Result.framework */; };
		19E5E44D21AD22B900E4C3A6 /* RxAtomic.framework in Frameworks */ = {isa = PBXBuildFile; fileRef = 19E5E43121AD22B800E4C3A6 /* RxAtomic.framework */; };
		19E5E44E21AD22B900E4C3A6 /* ObjectMapper.framework in Frameworks */ = {isa = PBXBuildFile; fileRef = 19E5E43221AD22B800E4C3A6 /* ObjectMapper.framework */; };
		19E5E44F21AD22B900E4C3A6 /* Moya.framework in Frameworks */ = {isa = PBXBuildFile; fileRef = 19E5E43321AD22B800E4C3A6 /* Moya.framework */; };
		19E5E45021AD22B900E4C3A6 /* NVActivityIndicatorViewAppExtension.framework in Frameworks */ = {isa = PBXBuildFile; fileRef = 19E5E43421AD22B800E4C3A6 /* NVActivityIndicatorViewAppExtension.framework */; };
		19E5E4C121AD344900E4C3A6 /* Cartfile in Resources */ = {isa = PBXBuildFile; fileRef = 19E5E4C021AD344800E4C3A6 /* Cartfile */; };
		19E5E4C321AD4C6000E4C3A6 /* HttpbinAPI.swift in Sources */ = {isa = PBXBuildFile; fileRef = 19E5E4C221AD4C6000E4C3A6 /* HttpbinAPI.swift */; };
/* End PBXBuildFile section */

/* Begin PBXFileReference section */
		1948465021AEE3CC006515BE /* NetworkManager.swift */ = {isa = PBXFileReference; lastKnownFileType = sourcecode.swift; path = NetworkManager.swift; sourceTree = "<group>"; };
		1948465221AEE401006515BE /* MoyaConfig.swift */ = {isa = PBXFileReference; lastKnownFileType = sourcecode.swift; path = MoyaConfig.swift; sourceTree = "<group>"; };
		19D9E12121AE4E4E006592DA /* Network.swift */ = {isa = PBXFileReference; lastKnownFileType = sourcecode.swift; path = Network.swift; sourceTree = "<group>"; };
		19D9E12321AE64C9006592DA /* MyService.swift */ = {isa = PBXFileReference; lastKnownFileType = sourcecode.swift; path = MyService.swift; sourceTree = "<group>"; };
		19D9E12621AE70A7006592DA /* AssetLoader.swift */ = {isa = PBXFileReference; lastKnownFileType = sourcecode.swift; path = AssetLoader.swift; sourceTree = "<group>"; };
		19D9E12C21AE865F006592DA /* API.swift */ = {isa = PBXFileReference; lastKnownFileType = sourcecode.swift; path = API.swift; sourceTree = "<group>"; };
		19D9E12E21AFA18D006592DA /* GlobalAppStorage.swift */ = {isa = PBXFileReference; lastKnownFileType = sourcecode.swift; path = GlobalAppStorage.swift; sourceTree = "<group>"; };
		19D9E13021AFB28E006592DA /* GlobalTool.swift */ = {isa = PBXFileReference; lastKnownFileType = sourcecode.swift; path = GlobalTool.swift; sourceTree = "<group>"; };
		19D9E13321AFC08F006592DA /* UIColorExtension.swift */ = {isa = PBXFileReference; lastKnownFileType = sourcecode.swift; path = UIColorExtension.swift; sourceTree = "<group>"; };
		19D9E13821AFCA99006592DA /* RootViewController.swift */ = {isa = PBXFileReference; lastKnownFileType = sourcecode.swift; path = RootViewController.swift; sourceTree = "<group>"; };
		19D9E13A21AFCB75006592DA /* UIAlertExtension.swift */ = {isa = PBXFileReference; lastKnownFileType = sourcecode.swift; path = UIAlertExtension.swift; sourceTree = "<group>"; };
		19D9E13C21AFE7EF006592DA /* SwiftNotice.swift */ = {isa = PBXFileReference; lastKnownFileType = sourcecode.swift; path = SwiftNotice.swift; sourceTree = "<group>"; };
		19D9E14021B0CE0A006592DA /* RequestActivityPlugin.swift */ = {isa = PBXFileReference; fileEncoding = 4; lastKnownFileType = sourcecode.swift; path = RequestActivityPlugin.swift; sourceTree = "<group>"; };
		19E5E3D721ABDB0900E4C3A6 /* MySwiftTest.app */ = {isa = PBXFileReference; explicitFileType = wrapper.application; includeInIndex = 0; path = MySwiftTest.app; sourceTree = BUILT_PRODUCTS_DIR; };
		19E5E3DA21ABDB0900E4C3A6 /* AppDelegate.swift */ = {isa = PBXFileReference; lastKnownFileType = sourcecode.swift; path = AppDelegate.swift; sourceTree = "<group>"; };
		19E5E3DC21ABDB0900E4C3A6 /* ViewController.swift */ = {isa = PBXFileReference; lastKnownFileType = sourcecode.swift; path = ViewController.swift; sourceTree = "<group>"; };
		19E5E3DF21ABDB0900E4C3A6 /* Base */ = {isa = PBXFileReference; lastKnownFileType = file.storyboard; name = Base; path = Base.lproj/Main.storyboard; sourceTree = "<group>"; };
		19E5E3E421ABDB0B00E4C3A6 /* Assets.xcassets */ = {isa = PBXFileReference; lastKnownFileType = folder.assetcatalog; path = Assets.xcassets; sourceTree = "<group>"; };
		19E5E3E721ABDB0B00E4C3A6 /* Base */ = {isa = PBXFileReference; lastKnownFileType = file.storyboard; name = Base; path = Base.lproj/LaunchScreen.storyboard; sourceTree = "<group>"; };
		19E5E3E921ABDB0B00E4C3A6 /* Info.plist */ = {isa = PBXFileReference; lastKnownFileType = text.plist.xml; path = Info.plist; sourceTree = "<group>"; };
		19E5E40B21ABE26200E4C3A6 /* Utility.swift */ = {isa = PBXFileReference; lastKnownFileType = sourcecode.swift; path = Utility.swift; sourceTree = "<group>"; };
		19E5E41021AD20AC00E4C3A6 /* DoubanAPI.swift */ = {isa = PBXFileReference; lastKnownFileType = sourcecode.swift; path = DoubanAPI.swift; sourceTree = "<group>"; };
		19E5E41421AD221300E4C3A6 /* DoubanViewController.swift */ = {isa = PBXFileReference; lastKnownFileType = sourcecode.swift; path = DoubanViewController.swift; sourceTree = "<group>"; };
		19E5E41921AD22B600E4C3A6 /* RxBlocking.framework */ = {isa = PBXFileReference; lastKnownFileType = wrapper.framework; name = RxBlocking.framework; path = Carthage/Build/iOS/RxBlocking.framework; sourceTree = "<group>"; };
		19E5E41A21AD22B700E4C3A6 /* ReactiveSwift.framework */ = {isa = PBXFileReference; lastKnownFileType = wrapper.framework; name = ReactiveSwift.framework; path = Carthage/Build/iOS/ReactiveSwift.framework; sourceTree = "<group>"; };
		19E5E41B21AD22B700E4C3A6 /* SwiftyJSON.framework */ = {isa = PBXFileReference; lastKnownFileType = wrapper.framework; name = SwiftyJSON.framework; path = Carthage/Build/iOS/SwiftyJSON.framework; sourceTree = "<group>"; };
		19E5E41C21AD22B700E4C3A6 /* RxCocoa.framework */ = {isa = PBXFileReference; lastKnownFileType = wrapper.framework; name = RxCocoa.framework; path = Carthage/Build/iOS/RxCocoa.framework; sourceTree = "<group>"; };
		19E5E41D21AD22B700E4C3A6 /* MonkeyKing.framework */ = {isa = PBXFileReference; lastKnownFileType = wrapper.framework; name = MonkeyKing.framework; path = Carthage/Build/iOS/MonkeyKing.framework; sourceTree = "<group>"; };
		19E5E41F21AD22B700E4C3A6 /* Alamofire.framework */ = {isa = PBXFileReference; lastKnownFileType = wrapper.framework; name = Alamofire.framework; path = Carthage/Build/iOS/Alamofire.framework; sourceTree = "<group>"; };
		19E5E42021AD22B700E4C3A6 /* Instructions.framework */ = {isa = PBXFileReference; lastKnownFileType = wrapper.framework; name = Instructions.framework; path = Carthage/Build/iOS/Instructions.framework; sourceTree = "<group>"; };
		19E5E42121AD22B700E4C3A6 /* Kingfisher.framework */ = {isa = PBXFileReference; lastKnownFileType = wrapper.framework; name = Kingfisher.framework; path = Carthage/Build/iOS/Kingfisher.framework; sourceTree = "<group>"; };
		19E5E42221AD22B700E4C3A6 /* ReactiveMoya.framework */ = {isa = PBXFileReference; lastKnownFileType = wrapper.framework; name = ReactiveMoya.framework; path = Carthage/Build/iOS/ReactiveMoya.framework; sourceTree = "<group>"; };
		19E5E42321AD22B700E4C3A6 /* ESPullToRefresh.framework */ = {isa = PBXFileReference; lastKnownFileType = wrapper.framework; name = ESPullToRefresh.framework; path = Carthage/Build/iOS/ESPullToRefresh.framework; sourceTree = "<group>"; };
		19E5E42421AD22B700E4C3A6 /* RxSwift.framework */ = {isa = PBXFileReference; lastKnownFileType = wrapper.framework; name = RxSwift.framework; path = Carthage/Build/iOS/RxSwift.framework; sourceTree = "<group>"; };
		19E5E42521AD22B700E4C3A6 /* SCLAlertView.framework */ = {isa = PBXFileReference; lastKnownFileType = wrapper.framework; name = SCLAlertView.framework; path = Carthage/Build/iOS/SCLAlertView.framework; sourceTree = "<group>"; };
		19E5E42621AD22B700E4C3A6 /* NVActivityIndicatorView.framework */ = {isa = PBXFileReference; lastKnownFileType = wrapper.framework; name = NVActivityIndicatorView.framework; path = Carthage/Build/iOS/NVActivityIndicatorView.framework; sourceTree = "<group>"; };
		19E5E42721AD22B700E4C3A6 /* PKHUD.framework */ = {isa = PBXFileReference; lastKnownFileType = wrapper.framework; name = PKHUD.framework; path = Carthage/Build/iOS/PKHUD.framework; sourceTree = "<group>"; };
		19E5E42821AD22B800E4C3A6 /* InstructionsAppExtensions.framework */ = {isa = PBXFileReference; lastKnownFileType = wrapper.framework; name = InstructionsAppExtensions.framework; path = Carthage/Build/iOS/InstructionsAppExtensions.framework; sourceTree = "<group>"; };
		19E5E42921AD22B800E4C3A6 /* Reachability.framework */ = {isa = PBXFileReference; lastKnownFileType = wrapper.framework; name = Reachability.framework; path = Carthage/Build/iOS/Reachability.framework; sourceTree = "<group>"; };
		19E5E42A21AD22B800E4C3A6 /* SwiftyUserDefaults.framework */ = {isa = PBXFileReference; lastKnownFileType = wrapper.framework; name = SwiftyUserDefaults.framework; path = Carthage/Build/iOS/SwiftyUserDefaults.framework; sourceTree = "<group>"; };
		19E5E42B21AD22B800E4C3A6 /* DeviceKit.framework */ = {isa = PBXFileReference; lastKnownFileType = wrapper.framework; name = DeviceKit.framework; path = Carthage/Build/iOS/DeviceKit.framework; sourceTree = "<group>"; };
		19E5E42C21AD22B800E4C3A6 /* SnapKit.framework */ = {isa = PBXFileReference; lastKnownFileType = wrapper.framework; name = SnapKit.framework; path = Carthage/Build/iOS/SnapKit.framework; sourceTree = "<group>"; };
		19E5E42D21AD22B800E4C3A6 /* RazzleDazzle.framework */ = {isa = PBXFileReference; lastKnownFileType = wrapper.framework; name = RazzleDazzle.framework; path = Carthage/Build/iOS/RazzleDazzle.framework; sourceTree = "<group>"; };
		19E5E42E21AD22B800E4C3A6 /* RxMoya.framework */ = {isa = PBXFileReference; lastKnownFileType = wrapper.framework; name = RxMoya.framework; path = Carthage/Build/iOS/RxMoya.framework; sourceTree = "<group>"; };
		19E5E42F21AD22B800E4C3A6 /* RxTest.framework */ = {isa = PBXFileReference; lastKnownFileType = wrapper.framework; name = RxTest.framework; path = Carthage/Build/iOS/RxTest.framework; sourceTree = "<group>"; };
		19E5E43021AD22B800E4C3A6 /* Result.framework */ = {isa = PBXFileReference; lastKnownFileType = wrapper.framework; name = Result.framework; path = Carthage/Build/iOS/Result.framework; sourceTree = "<group>"; };
		19E5E43121AD22B800E4C3A6 /* RxAtomic.framework */ = {isa = PBXFileReference; lastKnownFileType = wrapper.framework; name = RxAtomic.framework; path = Carthage/Build/iOS/RxAtomic.framework; sourceTree = "<group>"; };
		19E5E43221AD22B800E4C3A6 /* ObjectMapper.framework */ = {isa = PBXFileReference; lastKnownFileType = wrapper.framework; name = ObjectMapper.framework; path = Carthage/Build/iOS/ObjectMapper.framework; sourceTree = "<group>"; };
		19E5E43321AD22B800E4C3A6 /* Moya.framework */ = {isa = PBXFileReference; lastKnownFileType = wrapper.framework; name = Moya.framework; path = Carthage/Build/iOS/Moya.framework; sourceTree = "<group>"; };
		19E5E43421AD22B800E4C3A6 /* NVActivityIndicatorViewAppExtension.framework */ = {isa = PBXFileReference; lastKnownFileType = wrapper.framework; name = NVActivityIndicatorViewAppExtension.framework; path = Carthage/Build/iOS/NVActivityIndicatorViewAppExtension.framework; sourceTree = "<group>"; };
		19E5E4C021AD344800E4C3A6 /* Cartfile */ = {isa = PBXFileReference; fileEncoding = 4; lastKnownFileType = text; path = Cartfile; sourceTree = SOURCE_ROOT; };
		19E5E4C221AD4C6000E4C3A6 /* HttpbinAPI.swift */ = {isa = PBXFileReference; lastKnownFileType = sourcecode.swift; path = HttpbinAPI.swift; sourceTree = "<group>"; };
/* End PBXFileReference section */

/* Begin PBXFrameworksBuildPhase section */
		19E5E3D421ABDB0900E4C3A6 /* Frameworks */ = {
			isa = PBXFrameworksBuildPhase;
			buildActionMask = 2147483647;
			files = (
				19E5E43521AD22B800E4C3A6 /* RxBlocking.framework in Frameworks */,
				19E5E43621AD22B800E4C3A6 /* ReactiveSwift.framework in Frameworks */,
				19E5E43721AD22B800E4C3A6 /* SwiftyJSON.framework in Frameworks */,
				19E5E43821AD22B800E4C3A6 /* RxCocoa.framework in Frameworks */,
				19E5E43921AD22B800E4C3A6 /* MonkeyKing.framework in Frameworks */,
				19E5E43B21AD22B800E4C3A6 /* Alamofire.framework in Frameworks */,
				19E5E43C21AD22B800E4C3A6 /* Instructions.framework in Frameworks */,
				19E5E43D21AD22B800E4C3A6 /* Kingfisher.framework in Frameworks */,
				19E5E43E21AD22B800E4C3A6 /* ReactiveMoya.framework in Frameworks */,
				19E5E43F21AD22B800E4C3A6 /* ESPullToRefresh.framework in Frameworks */,
				19E5E44021AD22B800E4C3A6 /* RxSwift.framework in Frameworks */,
				19E5E44121AD22B800E4C3A6 /* SCLAlertView.framework in Frameworks */,
				19E5E44221AD22B800E4C3A6 /* NVActivityIndicatorView.framework in Frameworks */,
				19E5E44321AD22B800E4C3A6 /* PKHUD.framework in Frameworks */,
				19E5E44421AD22B800E4C3A6 /* InstructionsAppExtensions.framework in Frameworks */,
				19E5E44521AD22B800E4C3A6 /* Reachability.framework in Frameworks */,
				19E5E44621AD22B800E4C3A6 /* SwiftyUserDefaults.framework in Frameworks */,
				19E5E44721AD22B900E4C3A6 /* DeviceKit.framework in Frameworks */,
				19E5E44821AD22B900E4C3A6 /* SnapKit.framework in Frameworks */,
				19E5E44921AD22B900E4C3A6 /* RazzleDazzle.framework in Frameworks */,
				19E5E44A21AD22B900E4C3A6 /* RxMoya.framework in Frameworks */,
				19E5E44C21AD22B900E4C3A6 /* Result.framework in Frameworks */,
				19E5E44D21AD22B900E4C3A6 /* RxAtomic.framework in Frameworks */,
				19E5E44E21AD22B900E4C3A6 /* ObjectMapper.framework in Frameworks */,
				19E5E44F21AD22B900E4C3A6 /* Moya.framework in Frameworks */,
				19E5E45021AD22B900E4C3A6 /* NVActivityIndicatorViewAppExtension.framework in Frameworks */,
			);
			runOnlyForDeploymentPostprocessing = 0;
		};
/* End PBXFrameworksBuildPhase section */

/* Begin PBXGroup section */
		19D9E12B21AE864E006592DA /* Moya */ = {
			isa = PBXGroup;
			children = (
				19D9E12C21AE865F006592DA /* API.swift */,
				1948465021AEE3CC006515BE /* NetworkManager.swift */,
				1948465221AEE401006515BE /* MoyaConfig.swift */,
				19D9E14021B0CE0A006592DA /* RequestActivityPlugin.swift */,
			);
			path = Moya;
			sourceTree = "<group>";
		};
		19D9E13221AFC050006592DA /* Extension */ = {
			isa = PBXGroup;
			children = (
				19D9E13321AFC08F006592DA /* UIColorExtension.swift */,
				19D9E13A21AFCB75006592DA /* UIAlertExtension.swift */,
			);
			path = Extension;
			sourceTree = "<group>";
		};
		19E5E3CE21ABDB0900E4C3A6 = {
			isa = PBXGroup;
			children = (
				19E5E4C021AD344800E4C3A6 /* Cartfile */,
				19E5E3D921ABDB0900E4C3A6 /* MySwiftTest */,
				19E5E3D821ABDB0900E4C3A6 /* Products */,
				19E5E41821AD22B600E4C3A6 /* Frameworks */,
			);
			sourceTree = "<group>";
		};
		19E5E3D821ABDB0900E4C3A6 /* Products */ = {
			isa = PBXGroup;
			children = (
				19E5E3D721ABDB0900E4C3A6 /* MySwiftTest.app */,
			);
			name = Products;
			sourceTree = "<group>";
		};
		19E5E3D921ABDB0900E4C3A6 /* MySwiftTest */ = {
			isa = PBXGroup;
			children = (
				19E5E4BE21AD2DFF00E4C3A6 /* Utility */,
				19E5E4BD21AD2D1800E4C3A6 /* Network */,
				19E5E4BC21AD2D0000E4C3A6 /* ViewController */,
				19E5E3DA21ABDB0900E4C3A6 /* AppDelegate.swift */,
				19E5E3E421ABDB0B00E4C3A6 /* Assets.xcassets */,
				19E5E3DE21ABDB0900E4C3A6 /* Main.storyboard */,
				19E5E3E621ABDB0B00E4C3A6 /* LaunchScreen.storyboard */,
				19E5E3E921ABDB0B00E4C3A6 /* Info.plist */,
			);
			path = MySwiftTest;
			sourceTree = "<group>";
		};
		19E5E41821AD22B600E4C3A6 /* Frameworks */ = {
			isa = PBXGroup;
			children = (
				19E5E41F21AD22B700E4C3A6 /* Alamofire.framework */,
				19E5E42B21AD22B800E4C3A6 /* DeviceKit.framework */,
				19E5E42321AD22B700E4C3A6 /* ESPullToRefresh.framework */,
				19E5E42021AD22B700E4C3A6 /* Instructions.framework */,
				19E5E42821AD22B800E4C3A6 /* InstructionsAppExtensions.framework */,
				19E5E42121AD22B700E4C3A6 /* Kingfisher.framework */,
				19E5E41D21AD22B700E4C3A6 /* MonkeyKing.framework */,
				19E5E43321AD22B800E4C3A6 /* Moya.framework */,
				19E5E42621AD22B700E4C3A6 /* NVActivityIndicatorView.framework */,
				19E5E43421AD22B800E4C3A6 /* NVActivityIndicatorViewAppExtension.framework */,
				19E5E43221AD22B800E4C3A6 /* ObjectMapper.framework */,
				19E5E42721AD22B700E4C3A6 /* PKHUD.framework */,
				19E5E42D21AD22B800E4C3A6 /* RazzleDazzle.framework */,
				19E5E42921AD22B800E4C3A6 /* Reachability.framework */,
				19E5E42221AD22B700E4C3A6 /* ReactiveMoya.framework */,
				19E5E41A21AD22B700E4C3A6 /* ReactiveSwift.framework */,
				19E5E43021AD22B800E4C3A6 /* Result.framework */,
				19E5E43121AD22B800E4C3A6 /* RxAtomic.framework */,
				19E5E41921AD22B600E4C3A6 /* RxBlocking.framework */,
				19E5E41C21AD22B700E4C3A6 /* RxCocoa.framework */,
				19E5E42E21AD22B800E4C3A6 /* RxMoya.framework */,
				19E5E42421AD22B700E4C3A6 /* RxSwift.framework */,
				19E5E42F21AD22B800E4C3A6 /* RxTest.framework */,
				19E5E42521AD22B700E4C3A6 /* SCLAlertView.framework */,
				19E5E42C21AD22B800E4C3A6 /* SnapKit.framework */,
				19E5E41B21AD22B700E4C3A6 /* SwiftyJSON.framework */,
				19E5E42A21AD22B800E4C3A6 /* SwiftyUserDefaults.framework */,
			);
			name = Frameworks;
			sourceTree = "<group>";
		};
		19E5E4BC21AD2D0000E4C3A6 /* ViewController */ = {
			isa = PBXGroup;
			children = (
				19E5E3DC21ABDB0900E4C3A6 /* ViewController.swift */,
				19E5E41421AD221300E4C3A6 /* DoubanViewController.swift */,
				19D9E13821AFCA99006592DA /* RootViewController.swift */,
			);
			path = ViewController;
			sourceTree = "<group>";
		};
		19E5E4BD21AD2D1800E4C3A6 /* Network */ = {
			isa = PBXGroup;
			children = (
				19D9E12B21AE864E006592DA /* Moya */,
				19E5E41021AD20AC00E4C3A6 /* DoubanAPI.swift */,
				19E5E4C221AD4C6000E4C3A6 /* HttpbinAPI.swift */,
				19D9E12121AE4E4E006592DA /* Network.swift */,
				19D9E12321AE64C9006592DA /* MyService.swift */,
				19D9E12621AE70A7006592DA /* AssetLoader.swift */,
			);
			path = Network;
			sourceTree = "<group>";
		};
		19E5E4BE21AD2DFF00E4C3A6 /* Utility */ = {
			isa = PBXGroup;
			children = (
				19D9E13221AFC050006592DA /* Extension */,
				19E5E40B21ABE26200E4C3A6 /* Utility.swift */,
				19D9E12E21AFA18D006592DA /* GlobalAppStorage.swift */,
				19D9E13021AFB28E006592DA /* GlobalTool.swift */,
				19D9E13C21AFE7EF006592DA /* SwiftNotice.swift */,
			);
			path = Utility;
			sourceTree = "<group>";
		};
/* End PBXGroup section */

/* Begin PBXNativeTarget section */
		19E5E3D621ABDB0900E4C3A6 /* MySwiftTest */ = {
			isa = PBXNativeTarget;
			buildConfigurationList = 19E5E40221ABDB0B00E4C3A6 /* Build configuration list for PBXNativeTarget "MySwiftTest" */;
			buildPhases = (
				19E5E3D321ABDB0900E4C3A6 /* Sources */,
				19E5E3D421ABDB0900E4C3A6 /* Frameworks */,
				19E5E3D521ABDB0900E4C3A6 /* Resources */,
				19E5E45121AD22D600E4C3A6 /* ShellScript */,
			);
			buildRules = (
			);
			dependencies = (
			);
			name = MySwiftTest;
			productName = MySwiftTest;
			productReference = 19E5E3D721ABDB0900E4C3A6 /* MySwiftTest.app */;
			productType = "com.apple.product-type.application";
		};
/* End PBXNativeTarget section */

/* Begin PBXProject section */
		19E5E3CF21ABDB0900E4C3A6 /* Project object */ = {
			isa = PBXProject;
			attributes = {
				LastSwiftUpdateCheck = 1010;
				LastUpgradeCheck = 1010;
				ORGANIZATIONNAME = ZeroDY;
				TargetAttributes = {
					19E5E3D621ABDB0900E4C3A6 = {
						CreatedOnToolsVersion = 10.1;
					};
				};
			};
			buildConfigurationList = 19E5E3D221ABDB0900E4C3A6 /* Build configuration list for PBXProject "MySwiftTest" */;
			compatibilityVersion = "Xcode 9.3";
			developmentRegion = en;
			hasScannedForEncodings = 0;
			knownRegions = (
				en,
				Base,
			);
			mainGroup = 19E5E3CE21ABDB0900E4C3A6;
			productRefGroup = 19E5E3D821ABDB0900E4C3A6 /* Products */;
			projectDirPath = "";
			projectRoot = "";
			targets = (
				19E5E3D621ABDB0900E4C3A6 /* MySwiftTest */,
			);
		};
/* End PBXProject section */

/* Begin PBXResourcesBuildPhase section */
		19E5E3D521ABDB0900E4C3A6 /* Resources */ = {
			isa = PBXResourcesBuildPhase;
			buildActionMask = 2147483647;
			files = (
				19E5E3E821ABDB0B00E4C3A6 /* LaunchScreen.storyboard in Resources */,
				19E5E3E521ABDB0B00E4C3A6 /* Assets.xcassets in Resources */,
				19E5E4C121AD344900E4C3A6 /* Cartfile in Resources */,
				19E5E3E021ABDB0900E4C3A6 /* Main.storyboard in Resources */,
			);
			runOnlyForDeploymentPostprocessing = 0;
		};
/* End PBXResourcesBuildPhase section */

/* Begin PBXShellScriptBuildPhase section */
		19E5E45121AD22D600E4C3A6 /* ShellScript */ = {
			isa = PBXShellScriptBuildPhase;
			buildActionMask = 2147483647;
			files = (
			);
			inputFileListPaths = (
			);
			inputPaths = (
				"$(SRCROOT)/Carthage/Build/iOS/Alamofire.framework",
				"$(SRCROOT)/Carthage/Build/iOS/DeviceKit.framework",
				"$(SRCROOT)/Carthage/Build/iOS/ESPullToRefresh.framework",
				"$(SRCROOT)/Carthage/Build/iOS/Instructions.framework",
				"$(SRCROOT)/Carthage/Build/iOS/InstructionsAppExtensions.framework",
				"$(SRCROOT)/Carthage/Build/iOS/Kingfisher.framework",
				"$(SRCROOT)/Carthage/Build/iOS/MonkeyKing.framework",
				"$(SRCROOT)/Carthage/Build/iOS/Moya.framework",
				"$(SRCROOT)/Carthage/Build/iOS/NVActivityIndicatorView.framework",
				"$(SRCROOT)/Carthage/Build/iOS/NVActivityIndicatorViewAppExtension.framework",
				"$(SRCROOT)/Carthage/Build/iOS/ObjectMapper.framework",
				"$(SRCROOT)/Carthage/Build/iOS/PKHUD.framework",
				"$(SRCROOT)/Carthage/Build/iOS/RazzleDazzle.framework",
				"$(SRCROOT)/Carthage/Build/iOS/Reachability.framework",
				"$(SRCROOT)/Carthage/Build/iOS/ReactiveMoya.framework",
				"$(SRCROOT)/Carthage/Build/iOS/ReactiveSwift.framework",
				"$(SRCROOT)/Carthage/Build/iOS/Result.framework",
				"$(SRCROOT)/Carthage/Build/iOS/RxAtomic.framework",
				"$(SRCROOT)/Carthage/Build/iOS/RxBlocking.framework",
				"$(SRCROOT)/Carthage/Build/iOS/RxCocoa.framework",
				"$(SRCROOT)/Carthage/Build/iOS/RxMoya.framework",
				"$(SRCROOT)/Carthage/Build/iOS/RxSwift.framework",
				"$(SRCROOT)/Carthage/Build/iOS/RxTest.framework",
				"$(SRCROOT)/Carthage/Build/iOS/SCLAlertView.framework",
				"$(SRCROOT)/Carthage/Build/iOS/SnapKit.framework",
				"$(SRCROOT)/Carthage/Build/iOS/SwiftyJSON.framework",
				"$(SRCROOT)/Carthage/Build/iOS/SwiftyUserDefaults.framework",
			);
			outputFileListPaths = (
			);
			outputPaths = (
			);
			runOnlyForDeploymentPostprocessing = 0;
			shellPath = /bin/sh;
			shellScript = "# Type a script or drag a script file from your workspace to insert its path.\n/usr/local/bin/Carthage copy-frameworks\n";
		};
/* End PBXShellScriptBuildPhase section */

/* Begin PBXSourcesBuildPhase section */
		19E5E3D321ABDB0900E4C3A6 /* Sources */ = {
			isa = PBXSourcesBuildPhase;
			buildActionMask = 2147483647;
			files = (
				1948465121AEE3CC006515BE /* NetworkManager.swift in Sources */,
				19D9E13921AFCA99006592DA /* RootViewController.swift in Sources */,
				19D9E12D21AE865F006592DA /* API.swift in Sources */,
				19D9E12721AE70A7006592DA /* AssetLoader.swift in Sources */,
				19E5E40C21ABE26200E4C3A6 /* Utility.swift in Sources */,
				19D9E12421AE64C9006592DA /* MyService.swift in Sources */,
				19E5E41521AD221300E4C3A6 /* DoubanViewController.swift in Sources */,
				19D9E12F21AFA18D006592DA /* GlobalAppStorage.swift in Sources */,
				19E5E4C321AD4C6000E4C3A6 /* HttpbinAPI.swift in Sources */,
				1948465321AEE401006515BE /* MoyaConfig.swift in Sources */,
				19E5E41121AD20AC00E4C3A6 /* DoubanAPI.swift in Sources */,
				19D9E13421AFC08F006592DA /* UIColorExtension.swift in Sources */,
				19D9E13121AFB28E006592DA /* GlobalTool.swift in Sources */,
				19E5E3DD21ABDB0900E4C3A6 /* ViewController.swift in Sources */,
				19D9E12221AE4E4E006592DA /* Network.swift in Sources */,
				19D9E13B21AFCB75006592DA /* UIAlertExtension.swift in Sources */,
				19D9E13D21AFE7EF006592DA /* SwiftNotice.swift in Sources */,
				19E5E3DB21ABDB0900E4C3A6 /* AppDelegate.swift in Sources */,
				19D9E14121B0CE0A006592DA /* RequestActivityPlugin.swift in Sources */,
			);
			runOnlyForDeploymentPostprocessing = 0;
		};
/* End PBXSourcesBuildPhase section */

/* Begin PBXVariantGroup section */
		19E5E3DE21ABDB0900E4C3A6 /* Main.storyboard */ = {
			isa = PBXVariantGroup;
			children = (
				19E5E3DF21ABDB0900E4C3A6 /* Base */,
			);
			name = Main.storyboard;
			sourceTree = "<group>";
		};
		19E5E3E621ABDB0B00E4C3A6 /* LaunchScreen.storyboard */ = {
			isa = PBXVariantGroup;
			children = (
				19E5E3E721ABDB0B00E4C3A6 /* Base */,
			);
			name = LaunchScreen.storyboard;
			sourceTree = "<group>";
		};
/* End PBXVariantGroup section */

/* Begin XCBuildConfiguration section */
		19E5E40021ABDB0B00E4C3A6 /* Debug */ = {
			isa = XCBuildConfiguration;
			buildSettings = {
				ALWAYS_SEARCH_USER_PATHS = NO;
				CLANG_ANALYZER_NONNULL = YES;
				CLANG_ANALYZER_NUMBER_OBJECT_CONVERSION = YES_AGGRESSIVE;
				CLANG_CXX_LANGUAGE_STANDARD = "gnu++14";
				CLANG_CXX_LIBRARY = "libc++";
				CLANG_ENABLE_MODULES = YES;
				CLANG_ENABLE_OBJC_ARC = YES;
				CLANG_ENABLE_OBJC_WEAK = YES;
				CLANG_WARN_BLOCK_CAPTURE_AUTORELEASING = YES;
				CLANG_WARN_BOOL_CONVERSION = YES;
				CLANG_WARN_COMMA = YES;
				CLANG_WARN_CONSTANT_CONVERSION = YES;
				CLANG_WARN_DEPRECATED_OBJC_IMPLEMENTATIONS = YES;
				CLANG_WARN_DIRECT_OBJC_ISA_USAGE = YES_ERROR;
				CLANG_WARN_DOCUMENTATION_COMMENTS = YES;
				CLANG_WARN_EMPTY_BODY = YES;
				CLANG_WARN_ENUM_CONVERSION = YES;
				CLANG_WARN_INFINITE_RECURSION = YES;
				CLANG_WARN_INT_CONVERSION = YES;
				CLANG_WARN_NON_LITERAL_NULL_CONVERSION = YES;
				CLANG_WARN_OBJC_IMPLICIT_RETAIN_SELF = YES;
				CLANG_WARN_OBJC_LITERAL_CONVERSION = YES;
				CLANG_WARN_OBJC_ROOT_CLASS = YES_ERROR;
				CLANG_WARN_RANGE_LOOP_ANALYSIS = YES;
				CLANG_WARN_STRICT_PROTOTYPES = YES;
				CLANG_WARN_SUSPICIOUS_MOVE = YES;
				CLANG_WARN_UNGUARDED_AVAILABILITY = YES_AGGRESSIVE;
				CLANG_WARN_UNREACHABLE_CODE = YES;
				CLANG_WARN__DUPLICATE_METHOD_MATCH = YES;
				CODE_SIGN_IDENTITY = "iPhone Developer";
				COPY_PHASE_STRIP = NO;
				DEBUG_INFORMATION_FORMAT = dwarf;
				ENABLE_STRICT_OBJC_MSGSEND = YES;
				ENABLE_TESTABILITY = YES;
				GCC_C_LANGUAGE_STANDARD = gnu11;
				GCC_DYNAMIC_NO_PIC = NO;
				GCC_NO_COMMON_BLOCKS = YES;
				GCC_OPTIMIZATION_LEVEL = 0;
				GCC_PREPROCESSOR_DEFINITIONS = (
					"DEBUG=1",
					"$(inherited)",
				);
				GCC_WARN_64_TO_32_BIT_CONVERSION = YES;
				GCC_WARN_ABOUT_RETURN_TYPE = YES_ERROR;
				GCC_WARN_UNDECLARED_SELECTOR = YES;
				GCC_WARN_UNINITIALIZED_AUTOS = YES_AGGRESSIVE;
				GCC_WARN_UNUSED_FUNCTION = YES;
				GCC_WARN_UNUSED_VARIABLE = YES;
				IPHONEOS_DEPLOYMENT_TARGET = 12.1;
				MTL_ENABLE_DEBUG_INFO = INCLUDE_SOURCE;
				MTL_FAST_MATH = YES;
				ONLY_ACTIVE_ARCH = YES;
				SDKROOT = iphoneos;
				SWIFT_ACTIVE_COMPILATION_CONDITIONS = DEBUG;
				SWIFT_OPTIMIZATION_LEVEL = "-Onone";
			};
			name = Debug;
		};
		19E5E40121ABDB0B00E4C3A6 /* Release */ = {
			isa = XCBuildConfiguration;
			buildSettings = {
				ALWAYS_SEARCH_USER_PATHS = NO;
				CLANG_ANALYZER_NONNULL = YES;
				CLANG_ANALYZER_NUMBER_OBJECT_CONVERSION = YES_AGGRESSIVE;
				CLANG_CXX_LANGUAGE_STANDARD = "gnu++14";
				CLANG_CXX_LIBRARY = "libc++";
				CLANG_ENABLE_MODULES = YES;
				CLANG_ENABLE_OBJC_ARC = YES;
				CLANG_ENABLE_OBJC_WEAK = YES;
				CLANG_WARN_BLOCK_CAPTURE_AUTORELEASING = YES;
				CLANG_WARN_BOOL_CONVERSION = YES;
				CLANG_WARN_COMMA = YES;
				CLANG_WARN_CONSTANT_CONVERSION = YES;
				CLANG_WARN_DEPRECATED_OBJC_IMPLEMENTATIONS = YES;
				CLANG_WARN_DIRECT_OBJC_ISA_USAGE = YES_ERROR;
				CLANG_WARN_DOCUMENTATION_COMMENTS = YES;
				CLANG_WARN_EMPTY_BODY = YES;
				CLANG_WARN_ENUM_CONVERSION = YES;
				CLANG_WARN_INFINITE_RECURSION = YES;
				CLANG_WARN_INT_CONVERSION = YES;
				CLANG_WARN_NON_LITERAL_NULL_CONVERSION = YES;
				CLANG_WARN_OBJC_IMPLICIT_RETAIN_SELF = YES;
				CLANG_WARN_OBJC_LITERAL_CONVERSION = YES;
				CLANG_WARN_OBJC_ROOT_CLASS = YES_ERROR;
				CLANG_WARN_RANGE_LOOP_ANALYSIS = YES;
				CLANG_WARN_STRICT_PROTOTYPES = YES;
				CLANG_WARN_SUSPICIOUS_MOVE = YES;
				CLANG_WARN_UNGUARDED_AVAILABILITY = YES_AGGRESSIVE;
				CLANG_WARN_UNREACHABLE_CODE = YES;
				CLANG_WARN__DUPLICATE_METHOD_MATCH = YES;
				CODE_SIGN_IDENTITY = "iPhone Developer";
				COPY_PHASE_STRIP = NO;
				DEBUG_INFORMATION_FORMAT = "dwarf-with-dsym";
				ENABLE_NS_ASSERTIONS = NO;
				ENABLE_STRICT_OBJC_MSGSEND = YES;
				GCC_C_LANGUAGE_STANDARD = gnu11;
				GCC_NO_COMMON_BLOCKS = YES;
				GCC_WARN_64_TO_32_BIT_CONVERSION = YES;
				GCC_WARN_ABOUT_RETURN_TYPE = YES_ERROR;
				GCC_WARN_UNDECLARED_SELECTOR = YES;
				GCC_WARN_UNINITIALIZED_AUTOS = YES_AGGRESSIVE;
				GCC_WARN_UNUSED_FUNCTION = YES;
				GCC_WARN_UNUSED_VARIABLE = YES;
				IPHONEOS_DEPLOYMENT_TARGET = 12.1;
				MTL_ENABLE_DEBUG_INFO = NO;
				MTL_FAST_MATH = YES;
				SDKROOT = iphoneos;
				SWIFT_COMPILATION_MODE = wholemodule;
				SWIFT_OPTIMIZATION_LEVEL = "-O";
				VALIDATE_PRODUCT = YES;
			};
			name = Release;
		};
		19E5E40321ABDB0B00E4C3A6 /* Debug */ = {
			isa = XCBuildConfiguration;
			buildSettings = {
				ALWAYS_EMBED_SWIFT_STANDARD_LIBRARIES = NO;
				ASSETCATALOG_COMPILER_APPICON_NAME = AppIcon;
				CODE_SIGN_STYLE = Automatic;
				DEVELOPMENT_TEAM = 3PHL3Y9U2S;
				FRAMEWORK_SEARCH_PATHS = (
					"$(inherited)",
					"$(PROJECT_DIR)/Carthage/Build/iOS",
				);
				INFOPLIST_FILE = MySwiftTest/Info.plist;
				IPHONEOS_DEPLOYMENT_TARGET = 9.0;
				LD_RUNPATH_SEARCH_PATHS = (
					"$(inherited)",
					"@executable_path/Frameworks",
				);
				PRODUCT_BUNDLE_IDENTIFIER = com.zdy.MySwiftTest;
				PRODUCT_NAME = "$(TARGET_NAME)";
				SWIFT_VERSION = 4.2;
				TARGETED_DEVICE_FAMILY = "1,2";
			};
			name = Debug;
		};
		19E5E40421ABDB0B00E4C3A6 /* Release */ = {
			isa = XCBuildConfiguration;
			buildSettings = {
				ALWAYS_EMBED_SWIFT_STANDARD_LIBRARIES = NO;
				ASSETCATALOG_COMPILER_APPICON_NAME = AppIcon;
				CODE_SIGN_STYLE = Automatic;
				DEVELOPMENT_TEAM = 3PHL3Y9U2S;
				FRAMEWORK_SEARCH_PATHS = (
					"$(inherited)",
					"$(PROJECT_DIR)/Carthage/Build/iOS",
				);
				INFOPLIST_FILE = MySwiftTest/Info.plist;
				IPHONEOS_DEPLOYMENT_TARGET = 9.0;
				LD_RUNPATH_SEARCH_PATHS = (
					"$(inherited)",
					"@executable_path/Frameworks",
				);
				PRODUCT_BUNDLE_IDENTIFIER = com.zdy.MySwiftTest;
				PRODUCT_NAME = "$(TARGET_NAME)";
				SWIFT_VERSION = 4.2;
				TARGETED_DEVICE_FAMILY = "1,2";
			};
			name = Release;
		};
/* End XCBuildConfiguration section */

/* Begin XCConfigurationList section */
		19E5E3D221ABDB0900E4C3A6 /* Build configuration list for PBXProject "MySwiftTest" */ = {
			isa = XCConfigurationList;
			buildConfigurations = (
				19E5E40021ABDB0B00E4C3A6 /* Debug */,
				19E5E40121ABDB0B00E4C3A6 /* Release */,
			);
			defaultConfigurationIsVisible = 0;
			defaultConfigurationName = Release;
		};
		19E5E40221ABDB0B00E4C3A6 /* Build configuration list for PBXNativeTarget "MySwiftTest" */ = {
			isa = XCConfigurationList;
			buildConfigurations = (
				19E5E40321ABDB0B00E4C3A6 /* Debug */,
				19E5E40421ABDB0B00E4C3A6 /* Release */,
			);
			defaultConfigurationIsVisible = 0;
			defaultConfigurationName = Release;
		};
/* End XCConfigurationList section */
	};
	rootObject = 19E5E3CF21ABDB0900E4C3A6 /* Project object */;
}
